<?xml version="1.0" encoding="UTF-8"?>
<Scheme
   LastUpgradeVersion = "0900"
   version = "1.3">
   <BuildAction
      parallelizeBuildables = "YES"
      buildImplicitDependencies = "YES">
   </BuildAction>
   <TestAction
      buildConfiguration = "Debug"
      selectedDebuggerIdentifier = "Xcode.DebuggerFoundation.Debugger.LLDB"
      selectedLauncherIdentifier = "Xcode.DebuggerFoundation.Launcher.LLDB"
      language = ""
      shouldUseLaunchSchemeArgsEnv = "YES">
      <Testables>
         <TestableReference
            skipped = "NO">
            <BuildableReference
               BuildableIdentifier = "primary"
               BlueprintIdentifier = "3B2700101ECAF33000EFF28B"
               BuildableName = "Tests.xctest"
               BlueprintName = "Tests"
               ReferencedContainer = "container:TestProblems.xcodeproj">
            </BuildableReference>
            <SkippedTests>
               <Test
                  Identifier = "LeetCodeTests/testProblem1()">
               </Test>
               <Test
                  Identifier = "LeetCodeTests/testProblem101()">
               </Test>
               <Test
                  Identifier = "LeetCodeTests/testProblem104()">
               </Test>
               <Test
                  Identifier = "LeetCodeTests/testProblem107()">
               </Test>
               <Test
                  Identifier = "LeetCodeTests/testProblem108()">
               </Test>
               <Test
                  Identifier = "LeetCodeTests/testProblem11()">
               </Test>
               <Test
                  Identifier = "LeetCodeTests/testProblem110()">
               </Test>
               <Test
                  Identifier = "LeetCodeTests/testProblem111()">
               </Test>
               <Test
                  Identifier = "LeetCodeTests/testProblem112()">
               </Test>
               <Test
                  Identifier = "LeetCodeTests/testProblem113()">
               </Test>
               <Test
                  Identifier = "LeetCodeTests/testProblem118()">
               </Test>
               <Test
                  Identifier = "LeetCodeTests/testProblem119()">
               </Test>
               <Test
                  Identifier = "LeetCodeTests/testProblem12()">
               </Test>
               <Test
                  Identifier = "LeetCodeTests/testProblem121()">
               </Test>
               <Test
                  Identifier = "LeetCodeTests/testProblem122()">
               </Test>
               <Test
                  Identifier = "LeetCodeTests/testProblem125()">
               </Test>
               <Test
                  Identifier = "LeetCodeTests/testProblem13()">
               </Test>
               <Test
                  Identifier = "LeetCodeTests/testProblem136()">
               </Test>
               <Test
                  Identifier = "LeetCodeTests/testProblem14()">
               </Test>
               <Test
                  Identifier = "LeetCodeTests/testProblem167()">
               </Test>
               <Test
                  Identifier = "LeetCodeTests/testProblem168()">
               </Test>
               <Test
                  Identifier = "LeetCodeTests/testProblem169()">
               </Test>
               <Test
                  Identifier = "LeetCodeTests/testProblem17()">
               </Test>
               <Test
                  Identifier = "LeetCodeTests/testProblem171()">
               </Test>
               <Test
                  Identifier = "LeetCodeTests/testProblem172()">
               </Test>
               <Test
                  Identifier = "LeetCodeTests/testProblem189()">
               </Test>
               <Test
                  Identifier = "LeetCodeTests/testProblem19()">
               </Test>
               <Test
                  Identifier = "LeetCodeTests/testProblem198()">
               </Test>
               <Test
                  Identifier = "LeetCodeTests/testProblem2()">
               </Test>
               <Test
                  Identifier = "LeetCodeTests/testProblem20()">
               </Test>
               <Test
                  Identifier = "LeetCodeTests/testProblem202()">
               </Test>
               <Test
                  Identifier = "LeetCodeTests/testProblem203()">
               </Test>
               <Test
                  Identifier = "LeetCodeTests/testProblem204()">
               </Test>
               <Test
                  Identifier = "LeetCodeTests/testProblem205()">
               </Test>
               <Test
                  Identifier = "LeetCodeTests/testProblem206()">
               </Test>
               <Test
                  Identifier = "LeetCodeTests/testProblem21()">
               </Test>
               <Test
                  Identifier = "LeetCodeTests/testProblem217()">
               </Test>
               <Test
                  Identifier = "LeetCodeTests/testProblem219()">
               </Test>
               <Test
                  Identifier = "LeetCodeTests/testProblem22()">
               </Test>
               <Test
                  Identifier = "LeetCodeTests/testProblem226()">
               </Test>
               <Test
                  Identifier = "LeetCodeTests/testProblem231()">
               </Test>
               <Test
                  Identifier = "LeetCodeTests/testProblem234()">
               </Test>
               <Test
                  Identifier = "LeetCodeTests/testProblem24()">
               </Test>
               <Test
                  Identifier = "LeetCodeTests/testProblem242()">
               </Test>
               <Test
                  Identifier = "LeetCodeTests/testProblem257()">
               </Test>
               <Test
                  Identifier = "LeetCodeTests/testProblem258()">
               </Test>
               <Test
                  Identifier = "LeetCodeTests/testProblem26()">
               </Test>
               <Test
                  Identifier = "LeetCodeTests/testProblem260()">
               </Test>
               <Test
                  Identifier = "LeetCodeTests/testProblem263()">
               </Test>
               <Test
                  Identifier = "LeetCodeTests/testProblem268()">
               </Test>
               <Test
                  Identifier = "LeetCodeTests/testProblem27()">
               </Test>
               <Test
                  Identifier = "LeetCodeTests/testProblem28()">
               </Test>
               <Test
                  Identifier = "LeetCodeTests/testProblem29()">
               </Test>
               <Test
                  Identifier = "LeetCodeTests/testProblem290()">
               </Test>
               <Test
                  Identifier = "LeetCodeTests/testProblem292()">
               </Test>
               <Test
                  Identifier = "LeetCodeTests/testProblem3()">
               </Test>
               <Test
                  Identifier = "LeetCodeTests/testProblem326()">
               </Test>
               <Test
                  Identifier = "LeetCodeTests/testProblem338()">
               </Test>
               <Test
                  Identifier = "LeetCodeTests/testProblem342()">
               </Test>
               <Test
                  Identifier = "LeetCodeTests/testProblem344()">
               </Test>
               <Test
                  Identifier = "LeetCodeTests/testProblem345()">
               </Test>
               <Test
                  Identifier = "LeetCodeTests/testProblem349()">
               </Test>
               <Test
                  Identifier = "LeetCodeTests/testProblem35()">
               </Test>
               <Test
                  Identifier = "LeetCodeTests/testProblem350()">
               </Test>
               <Test
                  Identifier = "LeetCodeTests/testProblem367()">
               </Test>
               <Test
                  Identifier = "LeetCodeTests/testProblem371()">
               </Test>
               <Test
                  Identifier = "LeetCodeTests/testProblem38()">
               </Test>
               <Test
                  Identifier = "LeetCodeTests/testProblem387()">
               </Test>
               <Test
                  Identifier = "LeetCodeTests/testProblem400()">
               </Test>
               <Test
                  Identifier = "LeetCodeTests/testProblem401()">
               </Test>
               <Test
                  Identifier = "LeetCodeTests/testProblem404()">
               </Test>
               <Test
                  Identifier = "LeetCodeTests/testProblem405()">
               </Test>
               <Test
                  Identifier = "LeetCodeTests/testProblem406()">
               </Test>
               <Test
                  Identifier = "LeetCodeTests/testProblem409()">
               </Test>
               <Test
                  Identifier = "LeetCodeTests/testProblem412()">
               </Test>
               <Test
                  Identifier = "LeetCodeTests/testProblem413()">
               </Test>
               <Test
                  Identifier = "LeetCodeTests/testProblem414()">
               </Test>
               <Test
                  Identifier = "LeetCodeTests/testProblem415()">
               </Test>
               <Test
                  Identifier = "LeetCodeTests/testProblem419()">
               </Test>
               <Test
                  Identifier = "LeetCodeTests/testProblem42()">
               </Test>
               <Test
                  Identifier = "LeetCodeTests/testProblem434()">
               </Test>
               <Test
                  Identifier = "LeetCodeTests/testProblem437()">
               </Test>
               <Test
                  Identifier = "LeetCodeTests/testProblem438()">
               </Test>
               <Test
                  Identifier = "LeetCodeTests/testProblem441()">
               </Test>
               <Test
                  Identifier = "LeetCodeTests/testProblem442()">
               </Test>
               <Test
                  Identifier = "LeetCodeTests/testProblem447()">
               </Test>
               <Test
                  Identifier = "LeetCodeTests/testProblem448()">
               </Test>
               <Test
                  Identifier = "LeetCodeTests/testProblem451()">
               </Test>
               <Test
                  Identifier = "LeetCodeTests/testProblem453()">
               </Test>
               <Test
                  Identifier = "LeetCodeTests/testProblem455()">
               </Test>
               <Test
                  Identifier = "LeetCodeTests/testProblem459()">
               </Test>
               <Test
                  Identifier = "LeetCodeTests/testProblem46()">
               </Test>
               <Test
                  Identifier = "LeetCodeTests/testProblem461()">
               </Test>
               <Test
                  Identifier = "LeetCodeTests/testProblem462()">
               </Test>
               <Test
                  Identifier = "LeetCodeTests/testProblem463()">
               </Test>
               <Test
                  Identifier = "LeetCodeTests/testProblem475()">
               </Test>
               <Test
                  Identifier = "LeetCodeTests/testProblem476()">
               </Test>
               <Test
                  Identifier = "LeetCodeTests/testProblem485()">
               </Test>
               <Test
                  Identifier = "LeetCodeTests/testProblem495()">
               </Test>
               <Test
                  Identifier = "LeetCodeTests/testProblem496()">
               </Test>
               <Test
                  Identifier = "LeetCodeTests/testProblem5()">
               </Test>
               <Test
                  Identifier = "LeetCodeTests/testProblem500()">
               </Test>
               <Test
                  Identifier = "LeetCodeTests/testProblem501()">
               </Test>
               <Test
                  Identifier = "LeetCodeTests/testProblem504()">
               </Test>
               <Test
                  Identifier = "LeetCodeTests/testProblem506()">
               </Test>
               <Test
                  Identifier = "LeetCodeTests/testProblem507()">
               </Test>
               <Test
                  Identifier = "LeetCodeTests/testProblem508()">
               </Test>
               <Test
                  Identifier = "LeetCodeTests/testProblem513()">
               </Test>
               <Test
                  Identifier = "LeetCodeTests/testProblem515()">
               </Test>
               <Test
                  Identifier = "LeetCodeTests/testProblem520()">
               </Test>
               <Test
                  Identifier = "LeetCodeTests/testProblem521()">
               </Test>
               <Test
                  Identifier = "LeetCodeTests/testProblem526()">
               </Test>
               <Test
                  Identifier = "LeetCodeTests/testProblem53()">
               </Test>
               <Test
                  Identifier = "LeetCodeTests/testProblem530()">
               </Test>
               <Test
                  Identifier = "LeetCodeTests/testProblem532()">
               </Test>
               <Test
                  Identifier = "LeetCodeTests/testProblem537()">
               </Test>
               <Test
                  Identifier = "LeetCodeTests/testProblem540()">
               </Test>
               <Test
                  Identifier = "LeetCodeTests/testProblem541()">
               </Test>
               <Test
                  Identifier = "LeetCodeTests/testProblem543()">
               </Test>
               <Test
                  Identifier = "LeetCodeTests/testProblem551()">
               </Test>
               <Test
                  Identifier = "LeetCodeTests/testProblem553()">
               </Test>
               <Test
                  Identifier = "LeetCodeTests/testProblem557()">
               </Test>
               <Test
                  Identifier = "LeetCodeTests/testProblem561()">
               </Test>
               <Test
                  Identifier = "LeetCodeTests/testProblem563()">
               </Test>
               <Test
                  Identifier = "LeetCodeTests/testProblem566()">
               </Test>
               <Test
                  Identifier = "LeetCodeTests/testProblem572()">
               </Test>
               <Test
                  Identifier = "LeetCodeTests/testProblem575()">
               </Test>
               <Test
                  Identifier = "LeetCodeTests/testProblem58()">
               </Test>
               <Test
                  Identifier = "LeetCodeTests/testProblem581()">
               </Test>
               <Test
                  Identifier = "LeetCodeTests/testProblem594()">
               </Test>
               <Test
                  Identifier = "LeetCodeTests/testProblem598()">
               </Test>
               <Test
                  Identifier = "LeetCodeTests/testProblem599()">
               </Test>
               <Test
                  Identifier = "LeetCodeTests/testProblem6()">
               </Test>
               <Test
                  Identifier = "LeetCodeTests/testProblem605()">
               </Test>
               <Test
                  Identifier = "LeetCodeTests/testProblem606()">
               </Test>
               <Test
                  Identifier = "LeetCodeTests/testProblem609()">
               </Test>
               <Test
                  Identifier = "LeetCodeTests/testProblem617()">
               </Test>
               <Test
                  Identifier = "LeetCodeTests/testProblem66()">
               </Test>
               <Test
                  Identifier = "LeetCodeTests/testProblem67()">
               </Test>
               <Test
                  Identifier = "LeetCodeTests/testProblem69()">
               </Test>
               <Test
                  Identifier = "LeetCodeTests/testProblem7()">
               </Test>
               <Test
                  Identifier = "LeetCodeTests/testProblem70()">
               </Test>
               <Test
                  Identifier = "LeetCodeTests/testProblem8()">
               </Test>
               <Test
                  Identifier = "LeetCodeTests/testProblem83()">
               </Test>
               <Test
                  Identifier = "LeetCodeTests/testProblem88()">
               </Test>
               <Test
                  Identifier = "LeetCodeTests/testProblem9()">
               </Test>
            </SkippedTests>
         </TestableReference>
      </Testables>
      <AdditionalOptions>
      </AdditionalOptions>
   </TestAction>
   <LaunchAction
      buildConfiguration = "Debug"
      selectedDebuggerIdentifier = "Xcode.DebuggerFoundation.Debugger.LLDB"
      selectedLauncherIdentifier = "Xcode.DebuggerFoundation.Launcher.LLDB"
      language = ""
      launchStyle = "0"
      useCustomWorkingDirectory = "NO"
      ignoresPersistentStateOnLaunch = "NO"
      debugDocumentVersioning = "YES"
      debugServiceExtension = "internal"
      allowLocationSimulation = "YES">
      <AdditionalOptions>
      </AdditionalOptions>
   </LaunchAction>
   <ProfileAction
      buildConfiguration = "Release"
      shouldUseLaunchSchemeArgsEnv = "YES"
      savedToolIdentifier = ""
      useCustomWorkingDirectory = "NO"
      debugDocumentVersioning = "YES">
   </ProfileAction>
   <AnalyzeAction
      buildConfiguration = "Debug">
   </AnalyzeAction>
   <ArchiveAction
      buildConfiguration = "Release"
      revealArchiveInOrganizer = "YES">
   </ArchiveAction>
</Scheme>
