// !$*UTF8*$!
{
	archiveVersion = 1;
	classes = {
	};
	objectVersion = 46;
	objects = {

/* Begin PBXBuildFile section */
		3B2700141ECAF33000EFF28B /* LeetCodeSwiftTests.swift in Sources */ = {isa = PBXBuildFile; fileRef = 3B2700131ECAF33000EFF28B /* LeetCodeSwiftTests.swift */; };
		3B3D873D1F1992B3009C9586 /* LeetCodeObjCTests.m in Sources */ = {isa = PBXBuildFile; fileRef = 3B3D873C1F1992B3009C9586 /* LeetCodeObjCTests.m */; };
		3B9011FF1F23F00000D68C84 /* AlgorithmSwiftTests.swift in Sources */ = {isa = PBXBuildFile; fileRef = 3B9011FE1F23F00000D68C84 /* AlgorithmSwiftTests.swift */; };
		3BB1E4E21ECB9BF10014181B /* Utilities.swift in Sources */ = {isa = PBXBuildFile; fileRef = 3BB1E4E11ECB9BF10014181B /* Utilities.swift */; };
		3BBEE5481EE5FE7800E1E5AA /* Islands.swift in Sources */ = {isa = PBXBuildFile; fileRef = 3BBEE5471EE5FE7800E1E5AA /* Islands.swift */; };
/* End PBXBuildFile section */

/* Begin PBXFileReference section */
		3B2700111ECAF33000EFF28B /* Tests.xctest */ = {isa = PBXFileReference; explicitFileType = wrapper.cfbundle; includeInIndex = 0; path = Tests.xctest; sourceTree = BUILT_PRODUCTS_DIR; };
		3B2700131ECAF33000EFF28B /* LeetCodeSwiftTests.swift */ = {isa = PBXFileReference; lastKnownFileType = sourcecode.swift; path = LeetCodeSwiftTests.swift; sourceTree = "<group>"; };
		3B2700151ECAF33000EFF28B /* Info.plist */ = {isa = PBXFileReference; lastKnownFileType = text.plist.xml; path = Info.plist; sourceTree = "<group>"; };
		3B3D873C1F1992B3009C9586 /* LeetCodeObjCTests.m */ = {isa = PBXFileReference; lastKnownFileType = sourcecode.c.objc; path = LeetCodeObjCTests.m; sourceTree = "<group>"; };
		3B9011FE1F23F00000D68C84 /* AlgorithmSwiftTests.swift */ = {isa = PBXFileReference; fileEncoding = 4; lastKnownFileType = sourcecode.swift; path = AlgorithmSwiftTests.swift; sourceTree = "<group>"; };
		3BB1E4E11ECB9BF10014181B /* Utilities.swift */ = {isa = PBXFileReference; fileEncoding = 4; lastKnownFileType = sourcecode.swift; path = Utilities.swift; sourceTree = "<group>"; };
		3BBEE5471EE5FE7800E1E5AA /* Islands.swift */ = {isa = PBXFileReference; fileEncoding = 4; lastKnownFileType = sourcecode.swift; path = Islands.swift; sourceTree = "<group>"; };
/* End PBXFileReference section */

/* Begin PBXFrameworksBuildPhase section */
		3B27000E1ECAF33000EFF28B /* Frameworks */ = {
			isa = PBXFrameworksBuildPhase;
			buildActionMask = 2147483647;
			files = (
			);
			runOnlyForDeploymentPostprocessing = 0;
		};
/* End PBXFrameworksBuildPhase section */

/* Begin PBXGroup section */
		3B2700121ECAF33000EFF28B /* Tests */ = {
			isa = PBXGroup;
			children = (
				3B9011FE1F23F00000D68C84 /* AlgorithmSwiftTests.swift */,
				3B2700131ECAF33000EFF28B /* LeetCodeSwiftTests.swift */,
				3B3D873C1F1992B3009C9586 /* LeetCodeObjCTests.m */,
				3BB1E4E11ECB9BF10014181B /* Utilities.swift */,
				3BBEE5471EE5FE7800E1E5AA /* Islands.swift */,
				3B2700151ECAF33000EFF28B /* Info.plist */,
			);
			path = Tests;
			sourceTree = "<group>";
		};
		3B8CF8691EBEDE1B005C3B89 = {
			isa = PBXGroup;
			children = (
				3B2700121ECAF33000EFF28B /* Tests */,
				3B8CF8731EBEDE1B005C3B89 /* Products */,
			);
			sourceTree = "<group>";
		};
		3B8CF8731EBEDE1B005C3B89 /* Products */ = {
			isa = PBXGroup;
			children = (
				3B2700111ECAF33000EFF28B /* Tests.xctest */,
			);
			name = Products;
			sourceTree = "<group>";
		};
/* End PBXGroup section */

/* Begin PBXNativeTarget section */
		3B2700101ECAF33000EFF28B /* Tests */ = {
			isa = PBXNativeTarget;
			buildConfigurationList = 3B2700181ECAF33000EFF28B /* Build configuration list for PBXNativeTarget "Tests" */;
			buildPhases = (
				3B27000D1ECAF33000EFF28B /* Sources */,
				3B27000E1ECAF33000EFF28B /* Frameworks */,
				3B27000F1ECAF33000EFF28B /* Resources */,
			);
			buildRules = (
			);
			dependencies = (
			);
			name = Tests;
			productName = Tests;
			productReference = 3B2700111ECAF33000EFF28B /* Tests.xctest */;
			productType = "com.apple.product-type.bundle.unit-test";
		};
/* End PBXNativeTarget section */

/* Begin PBXProject section */
		3B8CF86A1EBEDE1B005C3B89 /* Project object */ = {
			isa = PBXProject;
			attributes = {
				LastSwiftUpdateCheck = 0830;
				LastUpgradeCheck = 0900;
				ORGANIZATIONNAME = "Secret Geometry, Inc.";
				TargetAttributes = {
					3B2700101ECAF33000EFF28B = {
						CreatedOnToolsVersion = 8.3.2;
						DevelopmentTeam = B55ZL2Y7PW;
						LastSwiftMigration = 0900;
						ProvisioningStyle = Automatic;
					};
				};
			};
			buildConfigurationList = 3B8CF86D1EBEDE1B005C3B89 /* Build configuration list for PBXProject "TestProblems" */;
			compatibilityVersion = "Xcode 3.2";
			developmentRegion = English;
			hasScannedForEncodings = 0;
			knownRegions = (
				en,
			);
			mainGroup = 3B8CF8691EBEDE1B005C3B89;
			productRefGroup = 3B8CF8731EBEDE1B005C3B89 /* Products */;
			projectDirPath = "";
			projectRoot = "";
			targets = (
				3B2700101ECAF33000EFF28B /* Tests */,
			);
		};
/* End PBXProject section */

/* Begin PBXResourcesBuildPhase section */
		3B27000F1ECAF33000EFF28B /* Resources */ = {
			isa = PBXResourcesBuildPhase;
			buildActionMask = 2147483647;
			files = (
			);
			runOnlyForDeploymentPostprocessing = 0;
		};
/* End PBXResourcesBuildPhase section */

/* Begin PBXSourcesBuildPhase section */
		3B27000D1ECAF33000EFF28B /* Sources */ = {
			isa = PBXSourcesBuildPhase;
			buildActionMask = 2147483647;
			files = (
				3B3D873D1F1992B3009C9586 /* LeetCodeObjCTests.m in Sources */,
				3BBEE5481EE5FE7800E1E5AA /* Islands.swift in Sources */,
				3BB1E4E21ECB9BF10014181B /* Utilities.swift in Sources */,
				3B9011FF1F23F00000D68C84 /* AlgorithmSwiftTests.swift in Sources */,
				3B2700141ECAF33000EFF28B /* LeetCodeSwiftTests.swift in Sources */,
			);
			runOnlyForDeploymentPostprocessing = 0;
		};
/* End PBXSourcesBuildPhase section */

/* Begin XCBuildConfiguration section */
		3B2700161ECAF33000EFF28B /* Debug */ = {
			isa = XCBuildConfiguration;
			buildSettings = {
				CLANG_ENABLE_MODULES = YES;
				COMBINE_HIDPI_IMAGES = YES;
				DEVELOPMENT_TEAM = B55ZL2Y7PW;
				INFOPLIST_FILE = Tests/Info.plist;
				LD_RUNPATH_SEARCH_PATHS = "$(inherited) @executable_path/../Frameworks @loader_path/../Frameworks";
				PRODUCT_BUNDLE_IDENTIFIER = com.secretgeometry.Tests;
				PRODUCT_NAME = "$(TARGET_NAME)";
				SWIFT_ACTIVE_COMPILATION_CONDITIONS = DEBUG;
				SWIFT_OPTIMIZATION_LEVEL = "-Onone";
				SWIFT_VERSION = 3.0;
			};
			name = Debug;
		};
		3B2700171ECAF33000EFF28B /* Release */ = {
			isa = XCBuildConfiguration;
			buildSettings = {
				CLANG_ENABLE_MODULES = YES;
				COMBINE_HIDPI_IMAGES = YES;
				DEVELOPMENT_TEAM = B55ZL2Y7PW;
				INFOPLIST_FILE = Tests/Info.plist;
				LD_RUNPATH_SEARCH_PATHS = "$(inherited) @executable_path/../Frameworks @loader_path/../Frameworks";
				PRODUCT_BUNDLE_IDENTIFIER = com.secretgeometry.Tests;
				PRODUCT_NAME = "$(TARGET_NAME)";
				SWIFT_OPTIMIZATION_LEVEL = "-Owholemodule";
				SWIFT_VERSION = 3.0;
			};
			name = Release;
		};
		3B8CF8771EBEDE1B005C3B89 /* Debug */ = {
			isa = XCBuildConfiguration;
			buildSettings = {
				ALWAYS_SEARCH_USER_PATHS = NO;
				CLANG_ANALYZER_NONNULL = YES;
				CLANG_ANALYZER_NUMBER_OBJECT_CONVERSION = YES_AGGRESSIVE;
				CLANG_CXX_LANGUAGE_STANDARD = "gnu++0x";
				CLANG_CXX_LIBRARY = "libc++";
				CLANG_ENABLE_MODULES = YES;
				CLANG_ENABLE_OBJC_ARC = YES;
				CLANG_WARN_BLOCK_CAPTURE_AUTORELEASING = YES;
				CLANG_WARN_BOOL_CONVERSION = YES;
				CLANG_WARN_COMMA = YES;
				CLANG_WARN_CONSTANT_CONVERSION = YES;
				CLANG_WARN_DIRECT_OBJC_ISA_USAGE = YES_ERROR;
				CLANG_WARN_DOCUMENTATION_COMMENTS = YES;
				CLANG_WARN_EMPTY_BODY = YES;
				CLANG_WARN_ENUM_CONVERSION = YES;
				CLANG_WARN_INFINITE_RECURSION = YES;
				CLANG_WARN_INT_CONVERSION = YES;
				CLANG_WARN_NON_LITERAL_NULL_CONVERSION = YES;
				CLANG_WARN_OBJC_LITERAL_CONVERSION = YES;
				CLANG_WARN_OBJC_ROOT_CLASS = YES_ERROR;
				CLANG_WARN_RANGE_LOOP_ANALYSIS = YES;
				CLANG_WARN_STRICT_PROTOTYPES = YES;
				CLANG_WARN_SUSPICIOUS_MOVE = YES;
				CLANG_WARN_UNREACHABLE_CODE = YES;
				CLANG_WARN__DUPLICATE_METHOD_MATCH = YES;
				CODE_SIGN_IDENTITY = "-";
				COPY_PHASE_STRIP = NO;
				DEBUG_INFORMATION_FORMAT = dwarf;
				ENABLE_STRICT_OBJC_MSGSEND = YES;
				ENABLE_TESTABILITY = YES;
				GCC_C_LANGUAGE_STANDARD = gnu99;
				GCC_DYNAMIC_NO_PIC = NO;
				GCC_NO_COMMON_BLOCKS = YES;
				GCC_OPTIMIZATION_LEVEL = 0;
				GCC_PREPROCESSOR_DEFINITIONS = (
					"DEBUG=1",
					"$(inherited)",
				);
				GCC_WARN_64_TO_32_BIT_CONVERSION = YES;
				GCC_WARN_ABOUT_RETURN_TYPE = YES_ERROR;
				GCC_WARN_UNDECLARED_SELECTOR = YES;
				GCC_WARN_UNINITIALIZED_AUTOS = YES_AGGRESSIVE;
				GCC_WARN_UNUSED_FUNCTION = YES;
				GCC_WARN_UNUSED_VARIABLE = YES;
				MACOSX_DEPLOYMENT_TARGET = 10.12;
				MTL_ENABLE_DEBUG_INFO = YES;
				ONLY_ACTIVE_ARCH = YES;
				SDKROOT = macosx;
				SWIFT_OPTIMIZATION_LEVEL = "-Onone";
				SWIFT_VERSION = 3.0;
			};
			name = Debug;
		};
		3B8CF8781EBEDE1B005C3B89 /* Release */ = {
			isa = XCBuildConfiguration;
			buildSettings = {
				ALWAYS_SEARCH_USER_PATHS = NO;
				CLANG_ANALYZER_NONNULL = YES;
				CLANG_ANALYZER_NUMBER_OBJECT_CONVERSION = YES_AGGRESSIVE;
				CLANG_CXX_LANGUAGE_STANDARD = "gnu++0x";
				CLANG_CXX_LIBRARY = "libc++";
				CLANG_ENABLE_MODULES = YES;
				CLANG_ENABLE_OBJC_ARC = YES;
				CLANG_WARN_BLOCK_CAPTURE_AUTORELEASING = YES;
				CLANG_WARN_BOOL_CONVERSION = YES;
				CLANG_WARN_COMMA = YES;
				CLANG_WARN_CONSTANT_CONVERSION = YES;
				CLANG_WARN_DIRECT_OBJC_ISA_USAGE = YES_ERROR;
				CLANG_WARN_DOCUMENTATION_COMMENTS = YES;
				CLANG_WARN_EMPTY_BODY = YES;
				CLANG_WARN_ENUM_CONVERSION = YES;
				CLANG_WARN_INFINITE_RECURSION = YES;
				CLANG_WARN_INT_CONVERSION = YES;
				CLANG_WARN_NON_LITERAL_NULL_CONVERSION = YES;
				CLANG_WARN_OBJC_LITERAL_CONVERSION = YES;
				CLANG_WARN_OBJC_ROOT_CLASS = YES_ERROR;
				CLANG_WARN_RANGE_LOOP_ANALYSIS = YES;
				CLANG_WARN_STRICT_PROTOTYPES = YES;
				CLANG_WARN_SUSPICIOUS_MOVE = YES;
				CLANG_WARN_UNREACHABLE_CODE = YES;
				CLANG_WARN__DUPLICATE_METHOD_MATCH = YES;
				CODE_SIGN_IDENTITY = "-";
				COPY_PHASE_STRIP = NO;
				DEBUG_INFORMATION_FORMAT = "dwarf-with-dsym";
				ENABLE_NS_ASSERTIONS = NO;
				ENABLE_STRICT_OBJC_MSGSEND = YES;
				GCC_C_LANGUAGE_STANDARD = gnu99;
				GCC_NO_COMMON_BLOCKS = YES;
				GCC_WARN_64_TO_32_BIT_CONVERSION = YES;
				GCC_WARN_ABOUT_RETURN_TYPE = YES_ERROR;
				GCC_WARN_UNDECLARED_SELECTOR = YES;
				GCC_WARN_UNINITIALIZED_AUTOS = YES_AGGRESSIVE;
				GCC_WARN_UNUSED_FUNCTION = YES;
				GCC_WARN_UNUSED_VARIABLE = YES;
				MACOSX_DEPLOYMENT_TARGET = 10.12;
				MTL_ENABLE_DEBUG_INFO = NO;
				SDKROOT = macosx;
				SWIFT_VERSION = 3.0;
			};
			name = Release;
		};
/* End XCBuildConfiguration section */

/* Begin XCConfigurationList section */
		3B2700181ECAF33000EFF28B /* Build configuration list for PBXNativeTarget "Tests" */ = {
			isa = XCConfigurationList;
			buildConfigurations = (
				3B2700161ECAF33000EFF28B /* Debug */,
				3B2700171ECAF33000EFF28B /* Release */,
			);
			defaultConfigurationIsVisible = 0;
			defaultConfigurationName = Release;
		};
		3B8CF86D1EBEDE1B005C3B89 /* Build configuration list for PBXProject "TestProblems" */ = {
			isa = XCConfigurationList;
			buildConfigurations = (
				3B8CF8771EBEDE1B005C3B89 /* Debug */,
				3B8CF8781EBEDE1B005C3B89 /* Release */,
			);
			defaultConfigurationIsVisible = 0;
			defaultConfigurationName = Release;
		};
/* End XCConfigurationList section */
	};
	rootObject = 3B8CF86A1EBEDE1B005C3B89 /* Project object */;
}
